
Microsoft Visual Studio Solution File, Format Version 12.00
# Visual Studio 14
VisualStudioVersion = 14.0.25420.1
MinimumVisualStudioVersion = 10.0.40219.1
Project("{8BC9CEB8-8B4A-11D0-8D11-00A0C91BC942}") = "WinMain", "Chapter1\WinMain\WinMain.vcxproj", "{BD8687B4-13E4-4CC3-B0EA-087279B88809}"
EndProject
Project("{8BC9CEB8-8B4A-11D0-8D11-00A0C91BC942}") = "EX01", "Chapter2\EX01\EX01.vcxproj", "{66BF6E50-A92C-4DE3-A8AE-2D9D0855D910}"
EndProject
Project("{2150E333-8FDC-42A3-9474-1A3956D46DE8}") = "Chapter02", "Chapter02", "{06BCD5E7-BBB1-4770-A538-9712F6544330}"
EndProject
Project("{2150E333-8FDC-42A3-9474-1A3956D46DE8}") = "Chapter01", "Chapter01", "{CE8A7512-456E-4B7E-A2CA-9069FA74CB19}"
EndProject
Project("{2150E333-8FDC-42A3-9474-1A3956D46DE8}") = "Chapter03", "Chapter03", "{16482028-3CD6-49D9-A1E6-FBD792D7DEC0}"
EndProject
Project("{2150E333-8FDC-42A3-9474-1A3956D46DE8}") = "Chapter04", "Chapter04", "{FE0B8AE2-C9BE-46DB-9E05-FFF9AB3E69C0}"
EndProject
Project("{8BC9CEB8-8B4A-11D0-8D11-00A0C91BC942}") = "EX02", "Chapter2\EX02\EX02.vcxproj", "{9950CFA7-4DA2-41B1-8325-2DAEF2AA10B7}"
EndProject
Project("{8BC9CEB8-8B4A-11D0-8D11-00A0C91BC942}") = "EX03", "Chapter2\EX03\EX03.vcxproj", "{A48F68A1-9916-4CDD-9974-D739FA75576F}"
EndProject
Project("{8BC9CEB8-8B4A-11D0-8D11-00A0C91BC942}") = "EX04", "Chapter2\EX04\EX04.vcxproj", "{CF300E57-8BF1-451C-B15A-7E491E9EC223}"
EndProject
Project("{8BC9CEB8-8B4A-11D0-8D11-00A0C91BC942}") = "EX05", "Chapter2\EX05\EX05.vcxproj", "{EF7BACB0-4C7E-4E9D-8D4D-1880608886A9}"
EndProject
Project("{8BC9CEB8-8B4A-11D0-8D11-00A0C91BC942}") = "EX06", "Chapter2\EX06\EX06.vcxproj", "{B0D097EA-00D7-4F19-AC29-8344990BD10B}"
EndProject
Project("{8BC9CEB8-8B4A-11D0-8D11-00A0C91BC942}") = "EX07", "Chapter2\EX07\EX07.vcxproj", "{AABEEC88-3EF7-402A-965E-F7EC2A231C88}"
EndProject
Project("{8BC9CEB8-8B4A-11D0-8D11-00A0C91BC942}") = "EX08", "Chapter2\EX08\EX08.vcxproj", "{F8A45B44-A642-4398-99D7-1A6DE7B42C01}"
EndProject
Project("{8BC9CEB8-8B4A-11D0-8D11-00A0C91BC942}") = "EX09", "Chapter2\EX09\EX09.vcxproj", "{B771B400-F341-4D59-B599-4196C5C49229}"
EndProject
Project("{8BC9CEB8-8B4A-11D0-8D11-00A0C91BC942}") = "EX10", "Chapter2\EX10\EX10.vcxproj", "{A919A4E0-0358-4239-BD19-BEE9F73972C0}"
EndProject
Project("{2150E333-8FDC-42A3-9474-1A3956D46DE8}") = "main", "main", "{2F3F5F26-0D5D-466E-B5DB-B88678BB7E13}"
EndProject
Project("{8BC9CEB8-8B4A-11D0-8D11-00A0C91BC942}") = "main", "Chapter3\main\main.vcxproj", "{95AC2E31-776B-46DF-A9DA-458B5C595248}"
EndProject
Project("{2150E333-8FDC-42A3-9474-1A3956D46DE8}") = "Test", "Test", "{D78B58CC-B818-4756-9CE3-4D07A831FD0F}"
EndProject
Project("{8BC9CEB8-8B4A-11D0-8D11-00A0C91BC942}") = "Test", "Chapter3\Test\Test.vcxproj", "{676330EF-7A07-46A6-BF6C-C72C356BDC91}"
EndProject
Project("{2150E333-8FDC-42A3-9474-1A3956D46DE8}") = "WinMain", "WinMain", "{E5411FB9-E61B-41FB-8DEA-5C2B2A6C962F}"
EndProject
Project("{8BC9CEB8-8B4A-11D0-8D11-00A0C91BC942}") = "WinMain", "Chapter3\WinMain\WinMain.vcxproj", "{0D6D4584-E37E-4DD9-B1D4-58810C8D7DCE}"
EndProject
Project("{8BC9CEB8-8B4A-11D0-8D11-00A0C91BC942}") = "Draw", "Chapter4\Draw\Draw.vcxproj", "{EF7F4ABE-48B7-43FA-96B8-0EA62321C055}"
EndProject
Project("{2150E333-8FDC-42A3-9474-1A3956D46DE8}") = "Draw", "Draw", "{C6F0605D-02EB-48DB-8E90-34D463BA1A22}"
EndProject
Project("{8BC9CEB8-8B4A-11D0-8D11-00A0C91BC942}") = "Test", "Chapter4\Test\Test.vcxproj", "{057DC8E1-163B-4F65-BA82-5C69AA30E897}"
EndProject
Project("{2150E333-8FDC-42A3-9474-1A3956D46DE8}") = "Test2", "Test2", "{463838DA-A6DE-48EE-B9C4-6EBBBE1D99D6}"
EndProject
Project("{2150E333-8FDC-42A3-9474-1A3956D46DE8}") = "Chapter05", "Chapter05", "{BFFD4B5A-76C2-4036-96F8-3A712E6F5DB8}"
EndProject
Project("{2150E333-8FDC-42A3-9474-1A3956D46DE8}") = "Chapter06", "Chapter06", "{4CB39FCE-886C-40E0-B3B7-1ED944636906}"
EndProject
Project("{2150E333-8FDC-42A3-9474-1A3956D46DE8}") = "Chapter07", "Chapter07", "{553018D5-2D28-46B6-A95F-F5BB568A9803}"
EndProject
Project("{8BC9CEB8-8B4A-11D0-8D11-00A0C91BC942}") = "Text", "Chapter5\Text\Text.vcxproj", "{D60D5BC4-234F-478D-8D30-F252B0920064}"
EndProject
Project("{8BC9CEB8-8B4A-11D0-8D11-00A0C91BC942}") = "Menu", "Chapter6\Menu\Menu.vcxproj", "{4C0AF478-489F-431D-9964-1AF2BE283234}"
EndProject
Project("{2150E333-8FDC-42A3-9474-1A3956D46DE8}") = "Menu1", "Menu1", "{90063675-C3F3-48B9-B3DB-72D6EA815176}"
EndProject
Project("{2150E333-8FDC-42A3-9474-1A3956D46DE8}") = "Menu2", "Menu2", "{131F837E-391A-4259-B1B6-FC533865476A}"
EndProject
Project("{8BC9CEB8-8B4A-11D0-8D11-00A0C91BC942}") = "Menu2", "Chapter6\Menu2\Menu2.vcxproj", "{2FEF247F-BC5C-46F4-8224-D7BB1C4F068B}"
EndProject
Project("{8BC9CEB8-8B4A-11D0-8D11-00A0C91BC942}") = "Mybole", "Chapter7\Mybole\Mybole.vcxproj", "{B227E92B-66B5-4B31-B5D0-C2B156E07549}"
EndProject
Project("{2150E333-8FDC-42A3-9474-1A3956D46DE8}") = "Chapter08", "Chapter08", "{0F8DCD02-827E-4C83-BB05-B86CE7975FDD}"
EndProject
Project("{2150E333-8FDC-42A3-9474-1A3956D46DE8}") = "Chapter09", "Chapter09", "{6FD53340-1F3D-4229-A891-C8607225D464}"
EndProject
Project("{2150E333-8FDC-42A3-9474-1A3956D46DE8}") = "Chapter10", "Chapter10", "{ABE16BD3-0CCE-4E48-B458-1C69570C3A38}"
EndProject
Project("{2150E333-8FDC-42A3-9474-1A3956D46DE8}") = "Chapter11", "Chapter11", "{527CFB8D-35F6-4EA5-B85B-39FAA4AB9D7A}"
EndProject
Project("{2150E333-8FDC-42A3-9474-1A3956D46DE8}") = "Chapter12", "Chapter12", "{2893CDC4-E83E-4B82-986E-C0FB39C95382}"
EndProject
Project("{8BC9CEB8-8B4A-11D0-8D11-00A0C91BC942}") = "Prop", "Chapter8\Prop\Prop.vcxproj", "{DA211DFF-D14D-4E4F-855B-2285194D2ABC}"
EndProject
Project("{8BC9CEB8-8B4A-11D0-8D11-00A0C91BC942}") = "Test", "Chapter8\Test\Test.vcxproj", "{B00D2E33-4E51-4F31-AF93-5852F6055B86}"
EndProject
Project("{8BC9CEB8-8B4A-11D0-8D11-00A0C91BC942}") = "Style", "Chapter9\Style\Style.vcxproj", "{70021300-376A-40A4-AD3A-2E34E70F46A3}"
EndProject
Project("{8BC9CEB8-8B4A-11D0-8D11-00A0C91BC942}") = "Graphic", "Chapter10\Graphic\Graphic.vcxproj", "{0CF49633-F7B2-441E-A02F-8F78E2862C60}"
EndProject
Project("{8BC9CEB8-8B4A-11D0-8D11-00A0C91BC942}") = "Graphic", "Chapter11\Graphic\Graphic.vcxproj", "{3814C2DD-A769-4CC7-9B40-666441C40FE7}"
EndProject
Project("{8BC9CEB8-8B4A-11D0-8D11-00A0C91BC942}") = "File", "Chapter12\File\File.vcxproj", "{5793C3D9-B3BF-41B5-A980-C00B26ABFBD5}"
EndProject
Global
	GlobalSection(SolutionConfigurationPlatforms) = preSolution
		Debug|x64 = Debug|x64
		Debug|x86 = Debug|x86
		Release|x64 = Release|x64
		Release|x86 = Release|x86
		Template|x64 = Template|x64
		Template|x86 = Template|x86
	EndGlobalSection
	GlobalSection(ProjectConfigurationPlatforms) = postSolution
		{BD8687B4-13E4-4CC3-B0EA-087279B88809}.Debug|x64.ActiveCfg = Debug|Win32
		{BD8687B4-13E4-4CC3-B0EA-087279B88809}.Debug|x86.ActiveCfg = Debug|Win32
		{BD8687B4-13E4-4CC3-B0EA-087279B88809}.Debug|x86.Build.0 = Debug|Win32
		{BD8687B4-13E4-4CC3-B0EA-087279B88809}.Release|x64.ActiveCfg = Release|Win32
		{BD8687B4-13E4-4CC3-B0EA-087279B88809}.Release|x86.ActiveCfg = Release|Win32
		{BD8687B4-13E4-4CC3-B0EA-087279B88809}.Release|x86.Build.0 = Release|Win32
		{BD8687B4-13E4-4CC3-B0EA-087279B88809}.Template|x64.ActiveCfg = Release|Win32
		{BD8687B4-13E4-4CC3-B0EA-087279B88809}.Template|x64.Build.0 = Release|Win32
		{BD8687B4-13E4-4CC3-B0EA-087279B88809}.Template|x86.ActiveCfg = Release|Win32
		{BD8687B4-13E4-4CC3-B0EA-087279B88809}.Template|x86.Build.0 = Release|Win32
		{66BF6E50-A92C-4DE3-A8AE-2D9D0855D910}.Debug|x64.ActiveCfg = Debug|Win32
		{66BF6E50-A92C-4DE3-A8AE-2D9D0855D910}.Debug|x86.ActiveCfg = Debug|Win32
		{66BF6E50-A92C-4DE3-A8AE-2D9D0855D910}.Debug|x86.Build.0 = Debug|Win32
		{66BF6E50-A92C-4DE3-A8AE-2D9D0855D910}.Release|x64.ActiveCfg = Release|Win32
		{66BF6E50-A92C-4DE3-A8AE-2D9D0855D910}.Release|x86.ActiveCfg = Release|Win32
		{66BF6E50-A92C-4DE3-A8AE-2D9D0855D910}.Release|x86.Build.0 = Release|Win32
		{66BF6E50-A92C-4DE3-A8AE-2D9D0855D910}.Template|x64.ActiveCfg = Release|Win32
		{66BF6E50-A92C-4DE3-A8AE-2D9D0855D910}.Template|x64.Build.0 = Release|Win32
		{66BF6E50-A92C-4DE3-A8AE-2D9D0855D910}.Template|x86.ActiveCfg = Release|Win32
		{66BF6E50-A92C-4DE3-A8AE-2D9D0855D910}.Template|x86.Build.0 = Release|Win32
		{9950CFA7-4DA2-41B1-8325-2DAEF2AA10B7}.Debug|x64.ActiveCfg = Debug|Win32
		{9950CFA7-4DA2-41B1-8325-2DAEF2AA10B7}.Debug|x86.ActiveCfg = Debug|Win32
		{9950CFA7-4DA2-41B1-8325-2DAEF2AA10B7}.Debug|x86.Build.0 = Debug|Win32
		{9950CFA7-4DA2-41B1-8325-2DAEF2AA10B7}.Release|x64.ActiveCfg = Release|Win32
		{9950CFA7-4DA2-41B1-8325-2DAEF2AA10B7}.Release|x86.ActiveCfg = Release|Win32
		{9950CFA7-4DA2-41B1-8325-2DAEF2AA10B7}.Release|x86.Build.0 = Release|Win32
		{9950CFA7-4DA2-41B1-8325-2DAEF2AA10B7}.Template|x64.ActiveCfg = Release|Win32
		{9950CFA7-4DA2-41B1-8325-2DAEF2AA10B7}.Template|x64.Build.0 = Release|Win32
		{9950CFA7-4DA2-41B1-8325-2DAEF2AA10B7}.Template|x86.ActiveCfg = Release|Win32
		{9950CFA7-4DA2-41B1-8325-2DAEF2AA10B7}.Template|x86.Build.0 = Release|Win32
		{A48F68A1-9916-4CDD-9974-D739FA75576F}.Debug|x64.ActiveCfg = Debug|Win32
		{A48F68A1-9916-4CDD-9974-D739FA75576F}.Debug|x86.ActiveCfg = Debug|Win32
		{A48F68A1-9916-4CDD-9974-D739FA75576F}.Debug|x86.Build.0 = Debug|Win32
		{A48F68A1-9916-4CDD-9974-D739FA75576F}.Release|x64.ActiveCfg = Release|Win32
		{A48F68A1-9916-4CDD-9974-D739FA75576F}.Release|x86.ActiveCfg = Release|Win32
		{A48F68A1-9916-4CDD-9974-D739FA75576F}.Release|x86.Build.0 = Release|Win32
		{A48F68A1-9916-4CDD-9974-D739FA75576F}.Template|x64.ActiveCfg = Template|Win32
		{A48F68A1-9916-4CDD-9974-D739FA75576F}.Template|x86.ActiveCfg = Template|Win32
		{A48F68A1-9916-4CDD-9974-D739FA75576F}.Template|x86.Build.0 = Template|Win32
		{CF300E57-8BF1-451C-B15A-7E491E9EC223}.Debug|x64.ActiveCfg = Debug|Win32
		{CF300E57-8BF1-451C-B15A-7E491E9EC223}.Debug|x86.ActiveCfg = Debug|Win32
		{CF300E57-8BF1-451C-B15A-7E491E9EC223}.Debug|x86.Build.0 = Debug|Win32
		{CF300E57-8BF1-451C-B15A-7E491E9EC223}.Release|x64.ActiveCfg = Release|Win32
		{CF300E57-8BF1-451C-B15A-7E491E9EC223}.Release|x86.ActiveCfg = Release|Win32
		{CF300E57-8BF1-451C-B15A-7E491E9EC223}.Release|x86.Build.0 = Release|Win32
		{CF300E57-8BF1-451C-B15A-7E491E9EC223}.Template|x64.ActiveCfg = Template|Win32
		{CF300E57-8BF1-451C-B15A-7E491E9EC223}.Template|x86.ActiveCfg = Template|Win32
		{CF300E57-8BF1-451C-B15A-7E491E9EC223}.Template|x86.Build.0 = Template|Win32
		{EF7BACB0-4C7E-4E9D-8D4D-1880608886A9}.Debug|x64.ActiveCfg = Debug|Win32
		{EF7BACB0-4C7E-4E9D-8D4D-1880608886A9}.Debug|x86.ActiveCfg = Debug|Win32
		{EF7BACB0-4C7E-4E9D-8D4D-1880608886A9}.Debug|x86.Build.0 = Debug|Win32
		{EF7BACB0-4C7E-4E9D-8D4D-1880608886A9}.Release|x64.ActiveCfg = Release|Win32
		{EF7BACB0-4C7E-4E9D-8D4D-1880608886A9}.Release|x86.ActiveCfg = Release|Win32
		{EF7BACB0-4C7E-4E9D-8D4D-1880608886A9}.Release|x86.Build.0 = Release|Win32
		{EF7BACB0-4C7E-4E9D-8D4D-1880608886A9}.Template|x64.ActiveCfg = Template|Win32
		{EF7BACB0-4C7E-4E9D-8D4D-1880608886A9}.Template|x86.ActiveCfg = Template|Win32
		{EF7BACB0-4C7E-4E9D-8D4D-1880608886A9}.Template|x86.Build.0 = Template|Win32
		{B0D097EA-00D7-4F19-AC29-8344990BD10B}.Debug|x64.ActiveCfg = Debug|Win32
		{B0D097EA-00D7-4F19-AC29-8344990BD10B}.Debug|x86.ActiveCfg = Debug|Win32
		{B0D097EA-00D7-4F19-AC29-8344990BD10B}.Debug|x86.Build.0 = Debug|Win32
		{B0D097EA-00D7-4F19-AC29-8344990BD10B}.Release|x64.ActiveCfg = Release|Win32
		{B0D097EA-00D7-4F19-AC29-8344990BD10B}.Release|x86.ActiveCfg = Release|Win32
		{B0D097EA-00D7-4F19-AC29-8344990BD10B}.Release|x86.Build.0 = Release|Win32
		{B0D097EA-00D7-4F19-AC29-8344990BD10B}.Template|x64.ActiveCfg = Template|Win32
		{B0D097EA-00D7-4F19-AC29-8344990BD10B}.Template|x86.ActiveCfg = Template|Win32
		{B0D097EA-00D7-4F19-AC29-8344990BD10B}.Template|x86.Build.0 = Template|Win32
		{AABEEC88-3EF7-402A-965E-F7EC2A231C88}.Debug|x64.ActiveCfg = Debug|Win32
		{AABEEC88-3EF7-402A-965E-F7EC2A231C88}.Debug|x86.ActiveCfg = Debug|Win32
		{AABEEC88-3EF7-402A-965E-F7EC2A231C88}.Debug|x86.Build.0 = Debug|Win32
		{AABEEC88-3EF7-402A-965E-F7EC2A231C88}.Release|x64.ActiveCfg = Release|Win32
		{AABEEC88-3EF7-402A-965E-F7EC2A231C88}.Release|x86.ActiveCfg = Release|Win32
		{AABEEC88-3EF7-402A-965E-F7EC2A231C88}.Release|x86.Build.0 = Release|Win32
		{AABEEC88-3EF7-402A-965E-F7EC2A231C88}.Template|x64.ActiveCfg = Template|Win32
		{AABEEC88-3EF7-402A-965E-F7EC2A231C88}.Template|x86.ActiveCfg = Template|Win32
		{AABEEC88-3EF7-402A-965E-F7EC2A231C88}.Template|x86.Build.0 = Template|Win32
		{F8A45B44-A642-4398-99D7-1A6DE7B42C01}.Debug|x64.ActiveCfg = Debug|Win32
		{F8A45B44-A642-4398-99D7-1A6DE7B42C01}.Debug|x86.ActiveCfg = Debug|Win32
		{F8A45B44-A642-4398-99D7-1A6DE7B42C01}.Debug|x86.Build.0 = Debug|Win32
		{F8A45B44-A642-4398-99D7-1A6DE7B42C01}.Release|x64.ActiveCfg = Release|Win32
		{F8A45B44-A642-4398-99D7-1A6DE7B42C01}.Release|x86.ActiveCfg = Release|Win32
		{F8A45B44-A642-4398-99D7-1A6DE7B42C01}.Release|x86.Build.0 = Release|Win32
		{F8A45B44-A642-4398-99D7-1A6DE7B42C01}.Template|x64.ActiveCfg = Template|Win32
		{F8A45B44-A642-4398-99D7-1A6DE7B42C01}.Template|x86.ActiveCfg = Template|Win32
		{F8A45B44-A642-4398-99D7-1A6DE7B42C01}.Template|x86.Build.0 = Template|Win32
		{B771B400-F341-4D59-B599-4196C5C49229}.Debug|x64.ActiveCfg = Debug|Win32
		{B771B400-F341-4D59-B599-4196C5C49229}.Debug|x86.ActiveCfg = Debug|Win32
		{B771B400-F341-4D59-B599-4196C5C49229}.Debug|x86.Build.0 = Debug|Win32
		{B771B400-F341-4D59-B599-4196C5C49229}.Release|x64.ActiveCfg = Release|Win32
		{B771B400-F341-4D59-B599-4196C5C49229}.Release|x86.ActiveCfg = Release|Win32
		{B771B400-F341-4D59-B599-4196C5C49229}.Release|x86.Build.0 = Release|Win32
		{B771B400-F341-4D59-B599-4196C5C49229}.Template|x64.ActiveCfg = Template|Win32
		{B771B400-F341-4D59-B599-4196C5C49229}.Template|x86.ActiveCfg = Template|Win32
		{B771B400-F341-4D59-B599-4196C5C49229}.Template|x86.Build.0 = Template|Win32
		{A919A4E0-0358-4239-BD19-BEE9F73972C0}.Debug|x64.ActiveCfg = Debug|Win32
		{A919A4E0-0358-4239-BD19-BEE9F73972C0}.Debug|x86.ActiveCfg = Debug|Win32
		{A919A4E0-0358-4239-BD19-BEE9F73972C0}.Debug|x86.Build.0 = Debug|Win32
		{A919A4E0-0358-4239-BD19-BEE9F73972C0}.Release|x64.ActiveCfg = Release|Win32
		{A919A4E0-0358-4239-BD19-BEE9F73972C0}.Release|x86.ActiveCfg = Release|Win32
		{A919A4E0-0358-4239-BD19-BEE9F73972C0}.Release|x86.Build.0 = Release|Win32
		{A919A4E0-0358-4239-BD19-BEE9F73972C0}.Template|x64.ActiveCfg = Template|Win32
		{A919A4E0-0358-4239-BD19-BEE9F73972C0}.Template|x86.ActiveCfg = Template|Win32
		{A919A4E0-0358-4239-BD19-BEE9F73972C0}.Template|x86.Build.0 = Template|Win32
		{95AC2E31-776B-46DF-A9DA-458B5C595248}.Debug|x64.ActiveCfg = Debug|Win32
		{95AC2E31-776B-46DF-A9DA-458B5C595248}.Debug|x86.ActiveCfg = Debug|Win32
		{95AC2E31-776B-46DF-A9DA-458B5C595248}.Debug|x86.Build.0 = Debug|Win32
		{95AC2E31-776B-46DF-A9DA-458B5C595248}.Release|x64.ActiveCfg = Release|Win32
		{95AC2E31-776B-46DF-A9DA-458B5C595248}.Release|x86.ActiveCfg = Release|Win32
		{95AC2E31-776B-46DF-A9DA-458B5C595248}.Release|x86.Build.0 = Release|Win32
		{95AC2E31-776B-46DF-A9DA-458B5C595248}.Template|x64.ActiveCfg = Template|Win32
		{95AC2E31-776B-46DF-A9DA-458B5C595248}.Template|x86.ActiveCfg = Template|Win32
		{95AC2E31-776B-46DF-A9DA-458B5C595248}.Template|x86.Build.0 = Template|Win32
		{676330EF-7A07-46A6-BF6C-C72C356BDC91}.Debug|x64.ActiveCfg = Debug|Win32
		{676330EF-7A07-46A6-BF6C-C72C356BDC91}.Debug|x86.ActiveCfg = Debug|Win32
		{676330EF-7A07-46A6-BF6C-C72C356BDC91}.Debug|x86.Build.0 = Debug|Win32
		{676330EF-7A07-46A6-BF6C-C72C356BDC91}.Release|x64.ActiveCfg = Release|Win32
		{676330EF-7A07-46A6-BF6C-C72C356BDC91}.Release|x86.ActiveCfg = Release|Win32
		{676330EF-7A07-46A6-BF6C-C72C356BDC91}.Release|x86.Build.0 = Release|Win32
		{676330EF-7A07-46A6-BF6C-C72C356BDC91}.Template|x64.ActiveCfg = Template|Win32
		{676330EF-7A07-46A6-BF6C-C72C356BDC91}.Template|x86.ActiveCfg = Template|Win32
		{676330EF-7A07-46A6-BF6C-C72C356BDC91}.Template|x86.Build.0 = Template|Win32
		{0D6D4584-E37E-4DD9-B1D4-58810C8D7DCE}.Debug|x64.ActiveCfg = Debug|Win32
		{0D6D4584-E37E-4DD9-B1D4-58810C8D7DCE}.Debug|x86.ActiveCfg = Debug|Win32
		{0D6D4584-E37E-4DD9-B1D4-58810C8D7DCE}.Debug|x86.Build.0 = Debug|Win32
		{0D6D4584-E37E-4DD9-B1D4-58810C8D7DCE}.Release|x64.ActiveCfg = Release|Win32
		{0D6D4584-E37E-4DD9-B1D4-58810C8D7DCE}.Release|x86.ActiveCfg = Release|Win32
		{0D6D4584-E37E-4DD9-B1D4-58810C8D7DCE}.Release|x86.Build.0 = Release|Win32
		{0D6D4584-E37E-4DD9-B1D4-58810C8D7DCE}.Template|x64.ActiveCfg = Template|Win32
		{0D6D4584-E37E-4DD9-B1D4-58810C8D7DCE}.Template|x86.ActiveCfg = Template|Win32
		{0D6D4584-E37E-4DD9-B1D4-58810C8D7DCE}.Template|x86.Build.0 = Template|Win32
		{EF7F4ABE-48B7-43FA-96B8-0EA62321C055}.Debug|x64.ActiveCfg = Debug|Win32
		{EF7F4ABE-48B7-43FA-96B8-0EA62321C055}.Debug|x86.ActiveCfg = Debug|Win32
		{EF7F4ABE-48B7-43FA-96B8-0EA62321C055}.Debug|x86.Build.0 = Debug|Win32
		{EF7F4ABE-48B7-43FA-96B8-0EA62321C055}.Release|x64.ActiveCfg = Release|Win32
		{EF7F4ABE-48B7-43FA-96B8-0EA62321C055}.Release|x86.ActiveCfg = Release|Win32
		{EF7F4ABE-48B7-43FA-96B8-0EA62321C055}.Release|x86.Build.0 = Release|Win32
		{EF7F4ABE-48B7-43FA-96B8-0EA62321C055}.Template|x64.ActiveCfg = Template|Win32
		{EF7F4ABE-48B7-43FA-96B8-0EA62321C055}.Template|x86.ActiveCfg = Template|Win32
		{EF7F4ABE-48B7-43FA-96B8-0EA62321C055}.Template|x86.Build.0 = Template|Win32
		{057DC8E1-163B-4F65-BA82-5C69AA30E897}.Debug|x64.ActiveCfg = Debug|Win32
		{057DC8E1-163B-4F65-BA82-5C69AA30E897}.Debug|x86.ActiveCfg = Debug|Win32
		{057DC8E1-163B-4F65-BA82-5C69AA30E897}.Debug|x86.Build.0 = Debug|Win32
		{057DC8E1-163B-4F65-BA82-5C69AA30E897}.Release|x64.ActiveCfg = Release|Win32
		{057DC8E1-163B-4F65-BA82-5C69AA30E897}.Release|x86.ActiveCfg = Release|Win32
		{057DC8E1-163B-4F65-BA82-5C69AA30E897}.Release|x86.Build.0 = Release|Win32
		{057DC8E1-163B-4F65-BA82-5C69AA30E897}.Template|x64.ActiveCfg = Template|Win32
		{057DC8E1-163B-4F65-BA82-5C69AA30E897}.Template|x86.ActiveCfg = Template|Win32
		{057DC8E1-163B-4F65-BA82-5C69AA30E897}.Template|x86.Build.0 = Template|Win32
		{D60D5BC4-234F-478D-8D30-F252B0920064}.Debug|x64.ActiveCfg = Debug|Win32
		{D60D5BC4-234F-478D-8D30-F252B0920064}.Debug|x86.ActiveCfg = Debug|Win32
		{D60D5BC4-234F-478D-8D30-F252B0920064}.Debug|x86.Build.0 = Debug|Win32
		{D60D5BC4-234F-478D-8D30-F252B0920064}.Release|x64.ActiveCfg = Release|Win32
		{D60D5BC4-234F-478D-8D30-F252B0920064}.Release|x86.ActiveCfg = Release|Win32
		{D60D5BC4-234F-478D-8D30-F252B0920064}.Release|x86.Build.0 = Release|Win32
		{D60D5BC4-234F-478D-8D30-F252B0920064}.Template|x64.ActiveCfg = Release|Win32
		{D60D5BC4-234F-478D-8D30-F252B0920064}.Template|x64.Build.0 = Release|Win32
		{D60D5BC4-234F-478D-8D30-F252B0920064}.Template|x86.ActiveCfg = Release|Win32
		{D60D5BC4-234F-478D-8D30-F252B0920064}.Template|x86.Build.0 = Release|Win32
		{4C0AF478-489F-431D-9964-1AF2BE283234}.Debug|x64.ActiveCfg = Debug|Win32
		{4C0AF478-489F-431D-9964-1AF2BE283234}.Debug|x86.ActiveCfg = Debug|Win32
		{4C0AF478-489F-431D-9964-1AF2BE283234}.Debug|x86.Build.0 = Debug|Win32
		{4C0AF478-489F-431D-9964-1AF2BE283234}.Release|x64.ActiveCfg = Release|Win32
		{4C0AF478-489F-431D-9964-1AF2BE283234}.Release|x86.ActiveCfg = Release|Win32
		{4C0AF478-489F-431D-9964-1AF2BE283234}.Release|x86.Build.0 = Release|Win32
		{4C0AF478-489F-431D-9964-1AF2BE283234}.Template|x64.ActiveCfg = Template|Win32
		{4C0AF478-489F-431D-9964-1AF2BE283234}.Template|x86.ActiveCfg = Template|Win32
		{4C0AF478-489F-431D-9964-1AF2BE283234}.Template|x86.Build.0 = Template|Win32
		{2FEF247F-BC5C-46F4-8224-D7BB1C4F068B}.Debug|x64.ActiveCfg = Debug|Win32
		{2FEF247F-BC5C-46F4-8224-D7BB1C4F068B}.Debug|x86.ActiveCfg = Debug|Win32
		{2FEF247F-BC5C-46F4-8224-D7BB1C4F068B}.Debug|x86.Build.0 = Debug|Win32
		{2FEF247F-BC5C-46F4-8224-D7BB1C4F068B}.Release|x64.ActiveCfg = Release|Win32
		{2FEF247F-BC5C-46F4-8224-D7BB1C4F068B}.Release|x86.ActiveCfg = Release|Win32
		{2FEF247F-BC5C-46F4-8224-D7BB1C4F068B}.Release|x86.Build.0 = Release|Win32
		{2FEF247F-BC5C-46F4-8224-D7BB1C4F068B}.Template|x64.ActiveCfg = Template|Win32
		{2FEF247F-BC5C-46F4-8224-D7BB1C4F068B}.Template|x86.ActiveCfg = Template|Win32
		{2FEF247F-BC5C-46F4-8224-D7BB1C4F068B}.Template|x86.Build.0 = Template|Win32
		{B227E92B-66B5-4B31-B5D0-C2B156E07549}.Debug|x64.ActiveCfg = Debug|Win32
		{B227E92B-66B5-4B31-B5D0-C2B156E07549}.Debug|x86.ActiveCfg = Debug|Win32
		{B227E92B-66B5-4B31-B5D0-C2B156E07549}.Debug|x86.Build.0 = Debug|Win32
		{B227E92B-66B5-4B31-B5D0-C2B156E07549}.Release|x64.ActiveCfg = Release|Win32
		{B227E92B-66B5-4B31-B5D0-C2B156E07549}.Release|x86.ActiveCfg = Release|Win32
		{B227E92B-66B5-4B31-B5D0-C2B156E07549}.Release|x86.Build.0 = Release|Win32
		{B227E92B-66B5-4B31-B5D0-C2B156E07549}.Template|x64.ActiveCfg = Template|Win32
		{B227E92B-66B5-4B31-B5D0-C2B156E07549}.Template|x86.ActiveCfg = Template|Win32
		{B227E92B-66B5-4B31-B5D0-C2B156E07549}.Template|x86.Build.0 = Template|Win32
		{DA211DFF-D14D-4E4F-855B-2285194D2ABC}.Debug|x64.ActiveCfg = Debug|Win32
		{DA211DFF-D14D-4E4F-855B-2285194D2ABC}.Debug|x86.ActiveCfg = Debug|Win32
		{DA211DFF-D14D-4E4F-855B-2285194D2ABC}.Debug|x86.Build.0 = Debug|Win32
		{DA211DFF-D14D-4E4F-855B-2285194D2ABC}.Release|x64.ActiveCfg = Release|Win32
		{DA211DFF-D14D-4E4F-855B-2285194D2ABC}.Release|x86.ActiveCfg = Release|Win32
		{DA211DFF-D14D-4E4F-855B-2285194D2ABC}.Release|x86.Build.0 = Release|Win32
		{DA211DFF-D14D-4E4F-855B-2285194D2ABC}.Template|x64.ActiveCfg = Template|Win32
		{DA211DFF-D14D-4E4F-855B-2285194D2ABC}.Template|x86.ActiveCfg = Template|Win32
		{DA211DFF-D14D-4E4F-855B-2285194D2ABC}.Template|x86.Build.0 = Template|Win32
		{B00D2E33-4E51-4F31-AF93-5852F6055B86}.Debug|x64.ActiveCfg = Debug|Win32
		{B00D2E33-4E51-4F31-AF93-5852F6055B86}.Debug|x86.ActiveCfg = Debug|Win32
		{B00D2E33-4E51-4F31-AF93-5852F6055B86}.Debug|x86.Build.0 = Debug|Win32
		{B00D2E33-4E51-4F31-AF93-5852F6055B86}.Release|x64.ActiveCfg = Release|Win32
		{B00D2E33-4E51-4F31-AF93-5852F6055B86}.Release|x86.ActiveCfg = Release|Win32
		{B00D2E33-4E51-4F31-AF93-5852F6055B86}.Release|x86.Build.0 = Release|Win32
		{B00D2E33-4E51-4F31-AF93-5852F6055B86}.Template|x64.ActiveCfg = Template|Win32
		{B00D2E33-4E51-4F31-AF93-5852F6055B86}.Template|x86.ActiveCfg = Template|Win32
		{B00D2E33-4E51-4F31-AF93-5852F6055B86}.Template|x86.Build.0 = Template|Win32
		{70021300-376A-40A4-AD3A-2E34E70F46A3}.Debug|x64.ActiveCfg = Debug|Win32
		{70021300-376A-40A4-AD3A-2E34E70F46A3}.Debug|x86.ActiveCfg = Debug|Win32
		{70021300-376A-40A4-AD3A-2E34E70F46A3}.Debug|x86.Build.0 = Debug|Win32
		{70021300-376A-40A4-AD3A-2E34E70F46A3}.Release|x64.ActiveCfg = Release|Win32
		{70021300-376A-40A4-AD3A-2E34E70F46A3}.Release|x86.ActiveCfg = Release|Win32
		{70021300-376A-40A4-AD3A-2E34E70F46A3}.Release|x86.Build.0 = Release|Win32
		{70021300-376A-40A4-AD3A-2E34E70F46A3}.Template|x64.ActiveCfg = Template|Win32
		{70021300-376A-40A4-AD3A-2E34E70F46A3}.Template|x86.ActiveCfg = Template|Win32
		{70021300-376A-40A4-AD3A-2E34E70F46A3}.Template|x86.Build.0 = Template|Win32
		{0CF49633-F7B2-441E-A02F-8F78E2862C60}.Debug|x64.ActiveCfg = Debug|Win32
		{0CF49633-F7B2-441E-A02F-8F78E2862C60}.Debug|x86.ActiveCfg = Debug|Win32
		{0CF49633-F7B2-441E-A02F-8F78E2862C60}.Debug|x86.Build.0 = Debug|Win32
		{0CF49633-F7B2-441E-A02F-8F78E2862C60}.Release|x64.ActiveCfg = Release|Win32
		{0CF49633-F7B2-441E-A02F-8F78E2862C60}.Release|x86.ActiveCfg = Release|Win32
		{0CF49633-F7B2-441E-A02F-8F78E2862C60}.Release|x86.Build.0 = Release|Win32
		{0CF49633-F7B2-441E-A02F-8F78E2862C60}.Template|x64.ActiveCfg = Template|Win32
		{0CF49633-F7B2-441E-A02F-8F78E2862C60}.Template|x86.ActiveCfg = Template|Win32
		{0CF49633-F7B2-441E-A02F-8F78E2862C60}.Template|x86.Build.0 = Template|Win32
		{3814C2DD-A769-4CC7-9B40-666441C40FE7}.Debug|x64.ActiveCfg = Debug|Win32
		{3814C2DD-A769-4CC7-9B40-666441C40FE7}.Debug|x86.ActiveCfg = Debug|Win32
		{3814C2DD-A769-4CC7-9B40-666441C40FE7}.Debug|x86.Build.0 = Debug|Win32
		{3814C2DD-A769-4CC7-9B40-666441C40FE7}.Release|x64.ActiveCfg = Release|Win32
		{3814C2DD-A769-4CC7-9B40-666441C40FE7}.Release|x86.ActiveCfg = Release|Win32
		{3814C2DD-A769-4CC7-9B40-666441C40FE7}.Release|x86.Build.0 = Release|Win32
		{3814C2DD-A769-4CC7-9B40-666441C40FE7}.Template|x64.ActiveCfg = Template|Win32
		{3814C2DD-A769-4CC7-9B40-666441C40FE7}.Template|x86.ActiveCfg = Template|Win32
		{3814C2DD-A769-4CC7-9B40-666441C40FE7}.Template|x86.Build.0 = Template|Win32
		{5793C3D9-B3BF-41B5-A980-C00B26ABFBD5}.Debug|x64.ActiveCfg = Debug|Win32
		{5793C3D9-B3BF-41B5-A980-C00B26ABFBD5}.Debug|x86.ActiveCfg = Debug|Win32
		{5793C3D9-B3BF-41B5-A980-C00B26ABFBD5}.Debug|x86.Build.0 = Debug|Win32
		{5793C3D9-B3BF-41B5-A980-C00B26ABFBD5}.Release|x64.ActiveCfg = Release|Win32
		{5793C3D9-B3BF-41B5-A980-C00B26ABFBD5}.Release|x86.ActiveCfg = Release|Win32
		{5793C3D9-B3BF-41B5-A980-C00B26ABFBD5}.Release|x86.Build.0 = Release|Win32
		{5793C3D9-B3BF-41B5-A980-C00B26ABFBD5}.Template|x64.ActiveCfg = Template|Win32
		{5793C3D9-B3BF-41B5-A980-C00B26ABFBD5}.Template|x86.ActiveCfg = Template|Win32
		{5793C3D9-B3BF-41B5-A980-C00B26ABFBD5}.Template|x86.Build.0 = Template|Win32
	EndGlobalSection
	GlobalSection(SolutionProperties) = preSolution
		HideSolutionNode = FALSE
	EndGlobalSection
	GlobalSection(NestedProjects) = preSolution
		{BD8687B4-13E4-4CC3-B0EA-087279B88809} = {CE8A7512-456E-4B7E-A2CA-9069FA74CB19}
		{66BF6E50-A92C-4DE3-A8AE-2D9D0855D910} = {06BCD5E7-BBB1-4770-A538-9712F6544330}
		{9950CFA7-4DA2-41B1-8325-2DAEF2AA10B7} = {06BCD5E7-BBB1-4770-A538-9712F6544330}
		{A48F68A1-9916-4CDD-9974-D739FA75576F} = {06BCD5E7-BBB1-4770-A538-9712F6544330}
		{CF300E57-8BF1-451C-B15A-7E491E9EC223} = {06BCD5E7-BBB1-4770-A538-9712F6544330}
		{EF7BACB0-4C7E-4E9D-8D4D-1880608886A9} = {06BCD5E7-BBB1-4770-A538-9712F6544330}
		{B0D097EA-00D7-4F19-AC29-8344990BD10B} = {06BCD5E7-BBB1-4770-A538-9712F6544330}
		{AABEEC88-3EF7-402A-965E-F7EC2A231C88} = {06BCD5E7-BBB1-4770-A538-9712F6544330}
		{F8A45B44-A642-4398-99D7-1A6DE7B42C01} = {06BCD5E7-BBB1-4770-A538-9712F6544330}
		{B771B400-F341-4D59-B599-4196C5C49229} = {06BCD5E7-BBB1-4770-A538-9712F6544330}
		{A919A4E0-0358-4239-BD19-BEE9F73972C0} = {06BCD5E7-BBB1-4770-A538-9712F6544330}
		{2F3F5F26-0D5D-466E-B5DB-B88678BB7E13} = {16482028-3CD6-49D9-A1E6-FBD792D7DEC0}
		{95AC2E31-776B-46DF-A9DA-458B5C595248} = {2F3F5F26-0D5D-466E-B5DB-B88678BB7E13}
		{D78B58CC-B818-4756-9CE3-4D07A831FD0F} = {16482028-3CD6-49D9-A1E6-FBD792D7DEC0}
		{676330EF-7A07-46A6-BF6C-C72C356BDC91} = {D78B58CC-B818-4756-9CE3-4D07A831FD0F}
		{E5411FB9-E61B-41FB-8DEA-5C2B2A6C962F} = {16482028-3CD6-49D9-A1E6-FBD792D7DEC0}
		{0D6D4584-E37E-4DD9-B1D4-58810C8D7DCE} = {E5411FB9-E61B-41FB-8DEA-5C2B2A6C962F}
		{EF7F4ABE-48B7-43FA-96B8-0EA62321C055} = {C6F0605D-02EB-48DB-8E90-34D463BA1A22}
		{C6F0605D-02EB-48DB-8E90-34D463BA1A22} = {FE0B8AE2-C9BE-46DB-9E05-FFF9AB3E69C0}
		{057DC8E1-163B-4F65-BA82-5C69AA30E897} = {463838DA-A6DE-48EE-B9C4-6EBBBE1D99D6}
		{463838DA-A6DE-48EE-B9C4-6EBBBE1D99D6} = {FE0B8AE2-C9BE-46DB-9E05-FFF9AB3E69C0}
		{D60D5BC4-234F-478D-8D30-F252B0920064} = {BFFD4B5A-76C2-4036-96F8-3A712E6F5DB8}
		{4C0AF478-489F-431D-9964-1AF2BE283234} = {90063675-C3F3-48B9-B3DB-72D6EA815176}
		{90063675-C3F3-48B9-B3DB-72D6EA815176} = {4CB39FCE-886C-40E0-B3B7-1ED944636906}
		{131F837E-391A-4259-B1B6-FC533865476A} = {4CB39FCE-886C-40E0-B3B7-1ED944636906}
		{2FEF247F-BC5C-46F4-8224-D7BB1C4F068B} = {131F837E-391A-4259-B1B6-FC533865476A}
		{B227E92B-66B5-4B31-B5D0-C2B156E07549} = {553018D5-2D28-46B6-A95F-F5BB568A9803}
		{DA211DFF-D14D-4E4F-855B-2285194D2ABC} = {0F8DCD02-827E-4C83-BB05-B86CE7975FDD}
		{B00D2E33-4E51-4F31-AF93-5852F6055B86} = {0F8DCD02-827E-4C83-BB05-B86CE7975FDD}
		{70021300-376A-40A4-AD3A-2E34E70F46A3} = {6FD53340-1F3D-4229-A891-C8607225D464}
		{0CF49633-F7B2-441E-A02F-8F78E2862C60} = {ABE16BD3-0CCE-4E48-B458-1C69570C3A38}
		{3814C2DD-A769-4CC7-9B40-666441C40FE7} = {527CFB8D-35F6-4EA5-B85B-39FAA4AB9D7A}
		{5793C3D9-B3BF-41B5-A980-C00B26ABFBD5} = {2893CDC4-E83E-4B82-986E-C0FB39C95382}
	EndGlobalSection
EndGlobal
