
Microsoft Visual Studio Solution File, Format Version 12.00
# Visual Studio 14
VisualStudioVersion = 14.0.25420.1
MinimumVisualStudioVersion = 10.0.40219.1
Project("{8BC9CEB8-8B4A-11D0-8D11-00A0C91BC942}") = "WinMain", "Chapter1\WinMain\WinMain.vcxproj", "{BD8687B4-13E4-4CC3-B0EA-087279B88809}"
EndProject
Project("{8BC9CEB8-8B4A-11D0-8D11-00A0C91BC942}") = "EX01", "Chapter2\EX01\EX01.vcxproj", "{66BF6E50-A92C-4DE3-A8AE-2D9D0855D910}"
EndProject
Project("{2150E333-8FDC-42A3-9474-1A3956D46DE8}") = "Chapter2", "Chapter2", "{06BCD5E7-BBB1-4770-A538-9712F6544330}"
EndProject
Project("{2150E333-8FDC-42A3-9474-1A3956D46DE8}") = "Chapter1", "Chapter1", "{CE8A7512-456E-4B7E-A2CA-9069FA74CB19}"
EndProject
Project("{2150E333-8FDC-42A3-9474-1A3956D46DE8}") = "Chapter3", "Chapter3", "{16482028-3CD6-49D9-A1E6-FBD792D7DEC0}"
EndProject
Project("{2150E333-8FDC-42A3-9474-1A3956D46DE8}") = "Chapter4", "Chapter4", "{FE0B8AE2-C9BE-46DB-9E05-FFF9AB3E69C0}"
EndProject
Project("{8BC9CEB8-8B4A-11D0-8D11-00A0C91BC942}") = "EX02", "Chapter2\EX02\EX02.vcxproj", "{9950CFA7-4DA2-41B1-8325-2DAEF2AA10B7}"
EndProject
Project("{8BC9CEB8-8B4A-11D0-8D11-00A0C91BC942}") = "EX03", "Chapter2\EX03\EX03.vcxproj", "{A48F68A1-9916-4CDD-9974-D739FA75576F}"
EndProject
Project("{8BC9CEB8-8B4A-11D0-8D11-00A0C91BC942}") = "EX04", "Chapter2\EX04\EX04.vcxproj", "{CF300E57-8BF1-451C-B15A-7E491E9EC223}"
EndProject
Project("{8BC9CEB8-8B4A-11D0-8D11-00A0C91BC942}") = "EX05", "Chapter2\EX05\EX05.vcxproj", "{EF7BACB0-4C7E-4E9D-8D4D-1880608886A9}"
EndProject
Project("{8BC9CEB8-8B4A-11D0-8D11-00A0C91BC942}") = "EX06", "Chapter2\EX06\EX06.vcxproj", "{B0D097EA-00D7-4F19-AC29-8344990BD10B}"
EndProject
Project("{8BC9CEB8-8B4A-11D0-8D11-00A0C91BC942}") = "EX07", "Chapter2\EX07\EX07.vcxproj", "{AABEEC88-3EF7-402A-965E-F7EC2A231C88}"
EndProject
Project("{8BC9CEB8-8B4A-11D0-8D11-00A0C91BC942}") = "EX08", "Chapter2\EX08\EX08.vcxproj", "{F8A45B44-A642-4398-99D7-1A6DE7B42C01}"
EndProject
Project("{8BC9CEB8-8B4A-11D0-8D11-00A0C91BC942}") = "EX09", "Chapter2\EX09\EX09.vcxproj", "{B771B400-F341-4D59-B599-4196C5C49229}"
EndProject
Project("{8BC9CEB8-8B4A-11D0-8D11-00A0C91BC942}") = "EX10", "Chapter2\EX10\EX10.vcxproj", "{A919A4E0-0358-4239-BD19-BEE9F73972C0}"
EndProject
Global
	GlobalSection(SolutionConfigurationPlatforms) = preSolution
		Debug|x64 = Debug|x64
		Debug|x86 = Debug|x86
		Release|x64 = Release|x64
		Release|x86 = Release|x86
		Template|x64 = Template|x64
		Template|x86 = Template|x86
	EndGlobalSection
	GlobalSection(ProjectConfigurationPlatforms) = postSolution
		{BD8687B4-13E4-4CC3-B0EA-087279B88809}.Debug|x64.ActiveCfg = Debug|Win32
		{BD8687B4-13E4-4CC3-B0EA-087279B88809}.Debug|x86.ActiveCfg = Debug|Win32
		{BD8687B4-13E4-4CC3-B0EA-087279B88809}.Debug|x86.Build.0 = Debug|Win32
		{BD8687B4-13E4-4CC3-B0EA-087279B88809}.Release|x64.ActiveCfg = Release|Win32
		{BD8687B4-13E4-4CC3-B0EA-087279B88809}.Release|x86.ActiveCfg = Release|Win32
		{BD8687B4-13E4-4CC3-B0EA-087279B88809}.Release|x86.Build.0 = Release|Win32
		{BD8687B4-13E4-4CC3-B0EA-087279B88809}.Template|x64.ActiveCfg = Release|Win32
		{BD8687B4-13E4-4CC3-B0EA-087279B88809}.Template|x64.Build.0 = Release|Win32
		{BD8687B4-13E4-4CC3-B0EA-087279B88809}.Template|x86.ActiveCfg = Release|Win32
		{BD8687B4-13E4-4CC3-B0EA-087279B88809}.Template|x86.Build.0 = Release|Win32
		{66BF6E50-A92C-4DE3-A8AE-2D9D0855D910}.Debug|x64.ActiveCfg = Debug|Win32
		{66BF6E50-A92C-4DE3-A8AE-2D9D0855D910}.Debug|x86.ActiveCfg = Debug|Win32
		{66BF6E50-A92C-4DE3-A8AE-2D9D0855D910}.Debug|x86.Build.0 = Debug|Win32
		{66BF6E50-A92C-4DE3-A8AE-2D9D0855D910}.Release|x64.ActiveCfg = Release|Win32
		{66BF6E50-A92C-4DE3-A8AE-2D9D0855D910}.Release|x86.ActiveCfg = Release|Win32
		{66BF6E50-A92C-4DE3-A8AE-2D9D0855D910}.Release|x86.Build.0 = Release|Win32
		{66BF6E50-A92C-4DE3-A8AE-2D9D0855D910}.Template|x64.ActiveCfg = Release|Win32
		{66BF6E50-A92C-4DE3-A8AE-2D9D0855D910}.Template|x64.Build.0 = Release|Win32
		{66BF6E50-A92C-4DE3-A8AE-2D9D0855D910}.Template|x86.ActiveCfg = Release|Win32
		{66BF6E50-A92C-4DE3-A8AE-2D9D0855D910}.Template|x86.Build.0 = Release|Win32
		{9950CFA7-4DA2-41B1-8325-2DAEF2AA10B7}.Debug|x64.ActiveCfg = Debug|Win32
		{9950CFA7-4DA2-41B1-8325-2DAEF2AA10B7}.Debug|x86.ActiveCfg = Debug|Win32
		{9950CFA7-4DA2-41B1-8325-2DAEF2AA10B7}.Debug|x86.Build.0 = Debug|Win32
		{9950CFA7-4DA2-41B1-8325-2DAEF2AA10B7}.Release|x64.ActiveCfg = Release|Win32
		{9950CFA7-4DA2-41B1-8325-2DAEF2AA10B7}.Release|x86.ActiveCfg = Release|Win32
		{9950CFA7-4DA2-41B1-8325-2DAEF2AA10B7}.Release|x86.Build.0 = Release|Win32
		{9950CFA7-4DA2-41B1-8325-2DAEF2AA10B7}.Template|x64.ActiveCfg = Release|Win32
		{9950CFA7-4DA2-41B1-8325-2DAEF2AA10B7}.Template|x64.Build.0 = Release|Win32
		{9950CFA7-4DA2-41B1-8325-2DAEF2AA10B7}.Template|x86.ActiveCfg = Release|Win32
		{9950CFA7-4DA2-41B1-8325-2DAEF2AA10B7}.Template|x86.Build.0 = Release|Win32
		{A48F68A1-9916-4CDD-9974-D739FA75576F}.Debug|x64.ActiveCfg = Debug|Win32
		{A48F68A1-9916-4CDD-9974-D739FA75576F}.Debug|x86.ActiveCfg = Debug|Win32
		{A48F68A1-9916-4CDD-9974-D739FA75576F}.Debug|x86.Build.0 = Debug|Win32
		{A48F68A1-9916-4CDD-9974-D739FA75576F}.Release|x64.ActiveCfg = Release|Win32
		{A48F68A1-9916-4CDD-9974-D739FA75576F}.Release|x86.ActiveCfg = Release|Win32
		{A48F68A1-9916-4CDD-9974-D739FA75576F}.Release|x86.Build.0 = Release|Win32
		{A48F68A1-9916-4CDD-9974-D739FA75576F}.Template|x64.ActiveCfg = Template|Win32
		{A48F68A1-9916-4CDD-9974-D739FA75576F}.Template|x86.ActiveCfg = Template|Win32
		{A48F68A1-9916-4CDD-9974-D739FA75576F}.Template|x86.Build.0 = Template|Win32
		{CF300E57-8BF1-451C-B15A-7E491E9EC223}.Debug|x64.ActiveCfg = Debug|Win32
		{CF300E57-8BF1-451C-B15A-7E491E9EC223}.Debug|x86.ActiveCfg = Debug|Win32
		{CF300E57-8BF1-451C-B15A-7E491E9EC223}.Debug|x86.Build.0 = Debug|Win32
		{CF300E57-8BF1-451C-B15A-7E491E9EC223}.Release|x64.ActiveCfg = Release|Win32
		{CF300E57-8BF1-451C-B15A-7E491E9EC223}.Release|x86.ActiveCfg = Release|Win32
		{CF300E57-8BF1-451C-B15A-7E491E9EC223}.Release|x86.Build.0 = Release|Win32
		{CF300E57-8BF1-451C-B15A-7E491E9EC223}.Template|x64.ActiveCfg = Template|Win32
		{CF300E57-8BF1-451C-B15A-7E491E9EC223}.Template|x86.ActiveCfg = Template|Win32
		{CF300E57-8BF1-451C-B15A-7E491E9EC223}.Template|x86.Build.0 = Template|Win32
		{EF7BACB0-4C7E-4E9D-8D4D-1880608886A9}.Debug|x64.ActiveCfg = Debug|Win32
		{EF7BACB0-4C7E-4E9D-8D4D-1880608886A9}.Debug|x86.ActiveCfg = Debug|Win32
		{EF7BACB0-4C7E-4E9D-8D4D-1880608886A9}.Debug|x86.Build.0 = Debug|Win32
		{EF7BACB0-4C7E-4E9D-8D4D-1880608886A9}.Release|x64.ActiveCfg = Release|Win32
		{EF7BACB0-4C7E-4E9D-8D4D-1880608886A9}.Release|x86.ActiveCfg = Release|Win32
		{EF7BACB0-4C7E-4E9D-8D4D-1880608886A9}.Release|x86.Build.0 = Release|Win32
		{EF7BACB0-4C7E-4E9D-8D4D-1880608886A9}.Template|x64.ActiveCfg = Template|Win32
		{EF7BACB0-4C7E-4E9D-8D4D-1880608886A9}.Template|x86.ActiveCfg = Template|Win32
		{EF7BACB0-4C7E-4E9D-8D4D-1880608886A9}.Template|x86.Build.0 = Template|Win32
		{B0D097EA-00D7-4F19-AC29-8344990BD10B}.Debug|x64.ActiveCfg = Debug|Win32
		{B0D097EA-00D7-4F19-AC29-8344990BD10B}.Debug|x86.ActiveCfg = Debug|Win32
		{B0D097EA-00D7-4F19-AC29-8344990BD10B}.Debug|x86.Build.0 = Debug|Win32
		{B0D097EA-00D7-4F19-AC29-8344990BD10B}.Release|x64.ActiveCfg = Release|Win32
		{B0D097EA-00D7-4F19-AC29-8344990BD10B}.Release|x86.ActiveCfg = Release|Win32
		{B0D097EA-00D7-4F19-AC29-8344990BD10B}.Release|x86.Build.0 = Release|Win32
		{B0D097EA-00D7-4F19-AC29-8344990BD10B}.Template|x64.ActiveCfg = Template|Win32
		{B0D097EA-00D7-4F19-AC29-8344990BD10B}.Template|x86.ActiveCfg = Template|Win32
		{B0D097EA-00D7-4F19-AC29-8344990BD10B}.Template|x86.Build.0 = Template|Win32
		{AABEEC88-3EF7-402A-965E-F7EC2A231C88}.Debug|x64.ActiveCfg = Debug|Win32
		{AABEEC88-3EF7-402A-965E-F7EC2A231C88}.Debug|x86.ActiveCfg = Debug|Win32
		{AABEEC88-3EF7-402A-965E-F7EC2A231C88}.Debug|x86.Build.0 = Debug|Win32
		{AABEEC88-3EF7-402A-965E-F7EC2A231C88}.Release|x64.ActiveCfg = Release|Win32
		{AABEEC88-3EF7-402A-965E-F7EC2A231C88}.Release|x86.ActiveCfg = Release|Win32
		{AABEEC88-3EF7-402A-965E-F7EC2A231C88}.Release|x86.Build.0 = Release|Win32
		{AABEEC88-3EF7-402A-965E-F7EC2A231C88}.Template|x64.ActiveCfg = Template|Win32
		{AABEEC88-3EF7-402A-965E-F7EC2A231C88}.Template|x86.ActiveCfg = Template|Win32
		{AABEEC88-3EF7-402A-965E-F7EC2A231C88}.Template|x86.Build.0 = Template|Win32
		{F8A45B44-A642-4398-99D7-1A6DE7B42C01}.Debug|x64.ActiveCfg = Debug|Win32
		{F8A45B44-A642-4398-99D7-1A6DE7B42C01}.Debug|x86.ActiveCfg = Debug|Win32
		{F8A45B44-A642-4398-99D7-1A6DE7B42C01}.Debug|x86.Build.0 = Debug|Win32
		{F8A45B44-A642-4398-99D7-1A6DE7B42C01}.Release|x64.ActiveCfg = Release|Win32
		{F8A45B44-A642-4398-99D7-1A6DE7B42C01}.Release|x86.ActiveCfg = Release|Win32
		{F8A45B44-A642-4398-99D7-1A6DE7B42C01}.Release|x86.Build.0 = Release|Win32
		{F8A45B44-A642-4398-99D7-1A6DE7B42C01}.Template|x64.ActiveCfg = Template|Win32
		{F8A45B44-A642-4398-99D7-1A6DE7B42C01}.Template|x86.ActiveCfg = Template|Win32
		{F8A45B44-A642-4398-99D7-1A6DE7B42C01}.Template|x86.Build.0 = Template|Win32
		{B771B400-F341-4D59-B599-4196C5C49229}.Debug|x64.ActiveCfg = Debug|Win32
		{B771B400-F341-4D59-B599-4196C5C49229}.Debug|x86.ActiveCfg = Debug|Win32
		{B771B400-F341-4D59-B599-4196C5C49229}.Debug|x86.Build.0 = Debug|Win32
		{B771B400-F341-4D59-B599-4196C5C49229}.Release|x64.ActiveCfg = Release|Win32
		{B771B400-F341-4D59-B599-4196C5C49229}.Release|x86.ActiveCfg = Release|Win32
		{B771B400-F341-4D59-B599-4196C5C49229}.Release|x86.Build.0 = Release|Win32
		{B771B400-F341-4D59-B599-4196C5C49229}.Template|x64.ActiveCfg = Template|Win32
		{B771B400-F341-4D59-B599-4196C5C49229}.Template|x86.ActiveCfg = Template|Win32
		{B771B400-F341-4D59-B599-4196C5C49229}.Template|x86.Build.0 = Template|Win32
		{A919A4E0-0358-4239-BD19-BEE9F73972C0}.Debug|x64.ActiveCfg = Debug|Win32
		{A919A4E0-0358-4239-BD19-BEE9F73972C0}.Debug|x86.ActiveCfg = Debug|Win32
		{A919A4E0-0358-4239-BD19-BEE9F73972C0}.Debug|x86.Build.0 = Debug|Win32
		{A919A4E0-0358-4239-BD19-BEE9F73972C0}.Release|x64.ActiveCfg = Release|Win32
		{A919A4E0-0358-4239-BD19-BEE9F73972C0}.Release|x86.ActiveCfg = Release|Win32
		{A919A4E0-0358-4239-BD19-BEE9F73972C0}.Release|x86.Build.0 = Release|Win32
		{A919A4E0-0358-4239-BD19-BEE9F73972C0}.Template|x64.ActiveCfg = Template|Win32
		{A919A4E0-0358-4239-BD19-BEE9F73972C0}.Template|x86.ActiveCfg = Template|Win32
		{A919A4E0-0358-4239-BD19-BEE9F73972C0}.Template|x86.Build.0 = Template|Win32
	EndGlobalSection
	GlobalSection(SolutionProperties) = preSolution
		HideSolutionNode = FALSE
	EndGlobalSection
	GlobalSection(NestedProjects) = preSolution
		{BD8687B4-13E4-4CC3-B0EA-087279B88809} = {CE8A7512-456E-4B7E-A2CA-9069FA74CB19}
		{66BF6E50-A92C-4DE3-A8AE-2D9D0855D910} = {06BCD5E7-BBB1-4770-A538-9712F6544330}
		{9950CFA7-4DA2-41B1-8325-2DAEF2AA10B7} = {06BCD5E7-BBB1-4770-A538-9712F6544330}
		{A48F68A1-9916-4CDD-9974-D739FA75576F} = {06BCD5E7-BBB1-4770-A538-9712F6544330}
		{CF300E57-8BF1-451C-B15A-7E491E9EC223} = {06BCD5E7-BBB1-4770-A538-9712F6544330}
		{EF7BACB0-4C7E-4E9D-8D4D-1880608886A9} = {06BCD5E7-BBB1-4770-A538-9712F6544330}
		{B0D097EA-00D7-4F19-AC29-8344990BD10B} = {06BCD5E7-BBB1-4770-A538-9712F6544330}
		{AABEEC88-3EF7-402A-965E-F7EC2A231C88} = {06BCD5E7-BBB1-4770-A538-9712F6544330}
		{F8A45B44-A642-4398-99D7-1A6DE7B42C01} = {06BCD5E7-BBB1-4770-A538-9712F6544330}
		{B771B400-F341-4D59-B599-4196C5C49229} = {06BCD5E7-BBB1-4770-A538-9712F6544330}
		{A919A4E0-0358-4239-BD19-BEE9F73972C0} = {06BCD5E7-BBB1-4770-A538-9712F6544330}
	EndGlobalSection
EndGlobal
