<?xml version="1.0" encoding="utf-8"?>
<Project ToolsVersion="4.0" xmlns="http://schemas.microsoft.com/developer/msbuild/2003">
  <ItemGroup>
    <Filter Include="Source Files">
      <UniqueIdentifier>{95d44c64-12aa-4e92-9ac4-0667bdce4226}</UniqueIdentifier>
      <Extensions>cpp;c;cxx;rc;def;r;odl;idl;hpj;bat</Extensions>
    </Filter>
    <Filter Include="Header Files">
      <UniqueIdentifier>{f415e883-c9f4-49ea-aedc-99c9bb461375}</UniqueIdentifier>
      <Extensions>h;hpp;hxx;hm;inl</Extensions>
    </Filter>
    <Filter Include="Resource Files">
      <UniqueIdentifier>{a4947fda-13ac-4769-a684-a82adb9557e2}</UniqueIdentifier>
      <Extensions>ico;cur;bmp;dlg;rc2;rct;bin;rgs;gif;jpg;jpeg;jpe</Extensions>
    </Filter>
  </ItemGroup>
  <ItemGroup>
    <ClCompile Include="MainFrm.cpp">
      <Filter>Source Files</Filter>
    </ClCompile>
    <ClCompile Include="Prop.cpp">
      <Filter>Source Files</Filter>
    </ClCompile>
    <ClCompile Include="Prop1.cpp">
      <Filter>Source Files</Filter>
    </ClCompile>
    <ClCompile Include="Prop2.cpp">
      <Filter>Source Files</Filter>
    </ClCompile>
    <ClCompile Include="Prop3.cpp">
      <Filter>Source Files</Filter>
    </ClCompile>
    <ClCompile Include="PropDoc.cpp">
      <Filter>Source Files</Filter>
    </ClCompile>
    <ClCompile Include="PropSheet.cpp">
      <Filter>Source Files</Filter>
    </ClCompile>
    <ClCompile Include="PropView.cpp">
      <Filter>Source Files</Filter>
    </ClCompile>
    <ClCompile Include="StdAfx.cpp">
      <Filter>Source Files</Filter>
    </ClCompile>
  </ItemGroup>
  <ItemGroup>
    <ResourceCompile Include="Prop.rc">
      <Filter>Source Files</Filter>
    </ResourceCompile>
  </ItemGroup>
  <ItemGroup>
    <ClInclude Include="MainFrm.h">
      <Filter>Header Files</Filter>
    </ClInclude>
    <ClInclude Include="Prop.h">
      <Filter>Header Files</Filter>
    </ClInclude>
    <ClInclude Include="Prop1.h">
      <Filter>Header Files</Filter>
    </ClInclude>
    <ClInclude Include="Prop2.h">
      <Filter>Header Files</Filter>
    </ClInclude>
    <ClInclude Include="Prop3.h">
      <Filter>Header Files</Filter>
    </ClInclude>
    <ClInclude Include="PropDoc.h">
      <Filter>Header Files</Filter>
    </ClInclude>
    <ClInclude Include="PropSheet.h">
      <Filter>Header Files</Filter>
    </ClInclude>
    <ClInclude Include="PropView.h">
      <Filter>Header Files</Filter>
    </ClInclude>
    <ClInclude Include="Resource.h">
      <Filter>Header Files</Filter>
    </ClInclude>
    <ClInclude Include="StdAfx.h">
      <Filter>Header Files</Filter>
    </ClInclude>
  </ItemGroup>
  <ItemGroup>
    <Image Include="res\Prop.ico">
      <Filter>Resource Files</Filter>
    </Image>
    <Image Include="res\PropDoc.ico">
      <Filter>Resource Files</Filter>
    </Image>
    <Image Include="res\Toolbar.bmp">
      <Filter>Resource Files</Filter>
    </Image>
  </ItemGroup>
  <ItemGroup>
    <Text Include="ReadMe.txt" />
  </ItemGroup>
  <ItemGroup>
    <CustomBuild Include="res\Prop.rc2">
      <Filter>Resource Files</Filter>
    </CustomBuild>
  </ItemGroup>
</Project>